
Microsoft Visual Studio Solution File, Format Version 12.00
# Visual Studio Version 16
VisualStudioVersion = 16.0.30907.101
MinimumVisualStudioVersion = 10.0.40219.1
Project("{FAE04EC0-301F-11D3-BF4B-00C04F79EFBC}") = "GTarefasAna", "GTarefas\GTarefasAna.csproj", "{486DE255-58BE-422D-8275-5CA3C8A0EB33}"
EndProject
Global
	GlobalSection(SolutionConfigurationPlatforms) = preSolution
		Debug|Any CPU = Debug|Any CPU
		Release|Any CPU = Release|Any CPU
	EndGlobalSection
	GlobalSection(ProjectConfigurationPlatforms) = postSolution
		{486DE255-58BE-422D-8275-5CA3C8A0EB33}.Debug|Any CPU.ActiveCfg = Debug|Any CPU
		{486DE255-58BE-422D-8275-5CA3C8A0EB33}.Debug|Any CPU.Build.0 = Debug|Any CPU
		{486DE255-58BE-422D-8275-5CA3C8A0EB33}.Release|Any CPU.ActiveCfg = Release|Any CPU
		{486DE255-58BE-422D-8275-5CA3C8A0EB33}.Release|Any CPU.Build.0 = Release|Any CPU
	EndGlobalSection
	GlobalSection(SolutionProperties) = preSolution
		HideSolutionNode = FALSE
	EndGlobalSection
	GlobalSection(ExtensibilityGlobals) = postSolution
		SolutionGuid = {7A59930C-09A9-45E3-8A8B-74D348F96068}
	EndGlobalSection
EndGlobal
